PODS:
  - IQKeyboardManagerSwift (6.5.5)
  - SCLAlertView (0.8)

DEPENDENCIES:
  - IQKeyboardManagerSwift
  - SCLAlertView

SPEC REPOS:
  trunk:
    - IQKeyboardManagerSwift
    - SCLAlertView

SPEC CHECKSUMS:
  IQKeyboardManagerSwift: 0fb93310284665245591f50f7a5e38de615960b7
  SCLAlertView: 6a77bb2edfc65e04dbe57725546cb4107a506b85

PODFILE CHECKSUM: b3449a21ef5bacb0d0cf8aa9739c97a0f7633893

COCOAPODS: 1.9.1
